
Microsoft Visual Studio Solution File, Format Version 10.00
# Visual Studio 2008
Project("{8BC9CEB8-8B4A-11D0-8D11-00A0C91BC942}") = "Poisson", "Poisson\Poisson.vcproj", "{E44D7462-565F-4642-A1EB-1735A32A023E}"
EndProject
Project("{8BC9CEB8-8B4A-11D0-8D11-00A0C91BC942}") = "seq", "seq\seq.vcproj", "{B05883E1-69F1-4F81-9451-C2B1DFB9F734}"
EndProject
Global
	GlobalSection(SolutionConfigurationPlatforms) = preSolution
		Debug|Win32 = Debug|Win32
		Debug|x64 = Debug|x64
		Release|Win32 = Release|Win32
		Release|x64 = Release|x64
	EndGlobalSection
	GlobalSection(ProjectConfigurationPlatforms) = postSolution
		{E44D7462-565F-4642-A1EB-1735A32A023E}.Debug|Win32.ActiveCfg = Debug|Win32
		{E44D7462-565F-4642-A1EB-1735A32A023E}.Debug|Win32.Build.0 = Debug|Win32
		{E44D7462-565F-4642-A1EB-1735A32A023E}.Debug|x64.ActiveCfg = Debug|x64
		{E44D7462-565F-4642-A1EB-1735A32A023E}.Debug|x64.Build.0 = Debug|x64
		{E44D7462-565F-4642-A1EB-1735A32A023E}.Release|Win32.ActiveCfg = Release|Win32
		{E44D7462-565F-4642-A1EB-1735A32A023E}.Release|Win32.Build.0 = Release|Win32
		{E44D7462-565F-4642-A1EB-1735A32A023E}.Release|x64.ActiveCfg = Release|x64
		{E44D7462-565F-4642-A1EB-1735A32A023E}.Release|x64.Build.0 = Release|x64
		{B05883E1-69F1-4F81-9451-C2B1DFB9F734}.Debug|Win32.ActiveCfg = Debug|Win32
		{B05883E1-69F1-4F81-9451-C2B1DFB9F734}.Debug|Win32.Build.0 = Debug|Win32
		{B05883E1-69F1-4F81-9451-C2B1DFB9F734}.Debug|x64.ActiveCfg = Debug|x64
		{B05883E1-69F1-4F81-9451-C2B1DFB9F734}.Debug|x64.Build.0 = Debug|x64
		{B05883E1-69F1-4F81-9451-C2B1DFB9F734}.Release|Win32.ActiveCfg = Release|Win32
		{B05883E1-69F1-4F81-9451-C2B1DFB9F734}.Release|Win32.Build.0 = Release|Win32
		{B05883E1-69F1-4F81-9451-C2B1DFB9F734}.Release|x64.ActiveCfg = Release|x64
		{B05883E1-69F1-4F81-9451-C2B1DFB9F734}.Release|x64.Build.0 = Release|x64
	EndGlobalSection
	GlobalSection(SolutionProperties) = preSolution
		HideSolutionNode = FALSE
	EndGlobalSection
EndGlobal
